# THIS IS AN AUTOGENERATED FILE. DO NOT EDIT THIS FILE DIRECTLY.
# yarn lockfile v1


"@material/material-color-utilities@^0.3.0":
  version "0.3.0"
  resolved "https://registry.npmmirror.com/@material/material-color-utilities/-/material-color-utilities-0.3.0.tgz#681b0ecd0820ac012d50d371912227f6b2dc7817"
  integrity sha512-ztmtTd6xwnuh2/xu+Vb01btgV8SQWYCaK56CkRK8gEkWe5TuDyBcYJ0wgkMRn+2VcE9KUmhvkz+N9GHrqw/C0g==

tinycolor2@^1.6.0:
  version "1.6.0"
  resolved "https://registry.npmmirror.com/tinycolor2/-/tinycolor2-1.6.0.tgz#f98007460169b0263b97072c5ae92484ce02d09e"
  integrity sha512-XPaBkWQJdsf3pLKJV9p4qN/S+fm2Oj8AIPo1BTUhg5oxkvm9+SVEGFdhyOz7tTdUTfvxMiAs4sp6/eZO2Ew+pw==
